# @generated by Move, please check-in and do not edit manually.

[move]
version = 3
manifest_digest = "0CD1F911ED5BF21BA59EBDD30CAFBFC3541922AA2787C0D03290AEA1A3A7FD29"
deps_digest = "F9B494B64F0615AED0E98FC12A85B85ECD2BC5185C22D30E7F67786BB52E507C"
dependencies = [
  { id = "Bridge", name = "Bridge" },
  { id = "MoveStdlib", name = "MoveStdlib" },
  { id = "Sui", name = "Sui" },
  { id = "SuiSystem", name = "SuiSystem" },
]

[[move.package]]
id = "Bridge"
source = { git = "https://github.com/MystenLabs/sui.git", rev = "af5297b292c3", subdir = "crates/sui-framework/packages/bridge" }

dependencies = [
  { id = "MoveStdlib", name = "MoveStdlib" },
  { id = "Sui", name = "Sui" },
  { id = "SuiSystem", name = "SuiSystem" },
]

[[move.package]]
id = "MoveStdlib"
source = { git = "https://github.com/MystenLabs/sui.git", rev = "af5297b292c3", subdir = "crates/sui-framework/packages/move-stdlib" }

[[move.package]]
id = "Sui"
source = { git = "https://github.com/MystenLabs/sui.git", rev = "af5297b292c3", subdir = "crates/sui-framework/packages/sui-framework" }

dependencies = [
  { id = "MoveStdlib", name = "MoveStdlib" },
]

[[move.package]]
id = "SuiSystem"
source = { git = "https://github.com/MystenLabs/sui.git", rev = "af5297b292c3", subdir = "crates/sui-framework/packages/sui-system" }

dependencies = [
  { id = "MoveStdlib", name = "MoveStdlib" },
  { id = "Sui", name = "Sui" },
]

[move.toolchain-version]
compiler-version = "1.50.1"
edition = "2024.beta"
flavor = "sui"

[env]

[env.mainnet]
chain-id = "35834a8a"
original-published-id = "0x194a17449906950cbf40032a9bb7fdbeafef262a2b015a5ca70d5444a026b194"
latest-published-id = "0x194a17449906950cbf40032a9bb7fdbeafef262a2b015a5ca70d5444a026b194"
published-version = "1"

[env.testnet]
chain-id = "4c78adac"
original-published-id = "0x437f57575e57ba293d33ecfb136df440d2400ed36d9fed508dae8ce70267f57f"
latest-published-id = "0x437f57575e57ba293d33ecfb136df440d2400ed36d9fed508dae8ce70267f57f"
published-version = "1"
