{
  "version": "5",
  "specifiers": {
    "jsr:@std/dotenv@*": "0.225.5",
    "npm:@mysten/sui@*": "1.34.0_graphql@16.11.0"
  },
  "jsr": {
    "@std/dotenv@0.225.5": {
      "integrity": "9ce6f9d0ec3311f74a32535aa1b8c62ed88b1ab91b7f0815797d77a6f60c922f"
    }
  },
  "npm": {
    "@0no-co/graphql.web@1.1.2_graphql@16.11.0": {
      "integrity": "sha512-N2NGsU5FLBhT8NZ+3l2YrzZSHITjNXNuDhC4iDiikv0IujaJ0Xc6xIxQZ/Ek3Cb+rgPjnLHYyJm11tInuJn+cw==",
      "dependencies": [
        "graphql"
      ],
      "optionalPeers": [
        "graphql"
      ]
    },
    "@0no-co/graphqlsp@1.13.0_graphql@16.11.0_typescript@5.8.3": {
      "integrity": "sha512-I8HVJ19PeF0QMKCcxUXjsmbI6L26bmAuDHUFdLD8xjhaOi7XG2ZhlkhqTYNxzYJN58yvv0IfKfn8yVrVvPUmVw==",
      "dependencies": [
        "@gql.tada/internal",
        "graphql",
        "typescript"
      ]
    },
    "@gql.tada/cli-utils@1.6.3_@0no-co+graphqlsp@1.13.0__graphql@16.11.0__typescript@5.8.3_graphql@16.11.0_typescript@5.8.3": {
      "integrity": "sha512-jFFSY8OxYeBxdKi58UzeMXG1tdm4FVjXa8WHIi66Gzu9JWtCE6mqom3a8xkmSw+mVaybFW5EN2WXf1WztJVNyQ==",
      "dependencies": [
        "@0no-co/graphqlsp",
        "@gql.tada/internal",
        "graphql",
        "typescript"
      ]
    },
    "@gql.tada/internal@1.0.8_graphql@16.11.0_typescript@5.8.3": {
      "integrity": "sha512-XYdxJhtHC5WtZfdDqtKjcQ4d7R1s0d1rnlSs3OcBEUbYiPoJJfZU7tWsVXuv047Z6msvmr4ompJ7eLSK5Km57g==",
      "dependencies": [
        "@0no-co/graphql.web",
        "graphql",
        "typescript"
      ]
    },
    "@graphql-typed-document-node/core@3.2.0_graphql@16.11.0": {
      "integrity": "sha512-mB9oAsNCm9aM3/SOv4YtBMqZbYj10R7dkq8byBqxGY/ncFwhf2oQzMV+LCRlWoDSEBJ3COiR1yeDvMtsoOsuFQ==",
      "dependencies": [
        "graphql"
      ]
    },
    "@mysten/bcs@1.6.3": {
      "integrity": "sha512-QQ6u0U7a4+/o6rZ9tALTeGYMdf6V5z/HkRI/mhD5/fSr80DJoGzOWpFszcN/fhJpKb36vBaSQUMpS7yNQ10xBQ==",
      "dependencies": [
        "@mysten/utils",
        "@scure/base"
      ]
    },
    "@mysten/sui@1.34.0_graphql@16.11.0": {
      "integrity": "sha512-Btf2Tq5VPXqABOXqtw9hV13DskepggP7MpeGb7OnRNF2grh1nHyWj9J0Y2UmkhZUEdTWpnVRnl/ufIZ6VmU1kg==",
      "dependencies": [
        "@graphql-typed-document-node/core",
        "@mysten/bcs",
        "@mysten/utils",
        "@noble/curves",
        "@noble/hashes",
        "@scure/base",
        "@scure/bip32",
        "@scure/bip39",
        "gql.tada",
        "graphql",
        "poseidon-lite",
        "valibot"
      ]
    },
    "@mysten/utils@0.1.0": {
      "integrity": "sha512-nFxqArh4cr629elLsIk7UZmx5dFVshblwrfwaG7Dm2L/ii2C65bhK5tdTs6UiC3K0tCr8q8svrgzXyF9L0CN/A==",
      "dependencies": [
        "@scure/base"
      ]
    },
    "@noble/curves@1.9.2": {
      "integrity": "sha512-HxngEd2XUcg9xi20JkwlLCtYwfoFw4JGkuZpT+WlsPD4gB/cxkvTD8fSsoAnphGZhFdZYKeQIPCuFlWPm1uE0g==",
      "dependencies": [
        "@noble/hashes"
      ]
    },
    "@noble/hashes@1.8.0": {
      "integrity": "sha512-jCs9ldd7NwzpgXDIf6P3+NrHh9/sD6CQdxHyjQI+h/6rDNo88ypBxxz45UDuZHz9r3tNz7N/VInSVoVdtXEI4A=="
    },
    "@scure/base@1.2.6": {
      "integrity": "sha512-g/nm5FgUa//MCj1gV09zTJTaM6KBAHqLN907YVQqf7zC49+DcO4B1so4ZX07Ef10Twr6nuqYEH9GEggFXA4Fmg=="
    },
    "@scure/bip32@1.7.0": {
      "integrity": "sha512-E4FFX/N3f4B80AKWp5dP6ow+flD1LQZo/w8UnLGYZO674jS6YnYeepycOOksv+vLPSpgN35wgKgy+ybfTb2SMw==",
      "dependencies": [
        "@noble/curves",
        "@noble/hashes",
        "@scure/base"
      ]
    },
    "@scure/bip39@1.6.0": {
      "integrity": "sha512-+lF0BbLiJNwVlev4eKelw1WWLaiKXw7sSl8T6FvBlWkdX+94aGJ4o8XjUdlyhTCjd8c+B3KT3JfS8P0bLRNU6A==",
      "dependencies": [
        "@noble/hashes",
        "@scure/base"
      ]
    },
    "gql.tada@1.8.11_typescript@5.8.3_graphql@16.11.0_@0no-co+graphqlsp@1.13.0__graphql@16.11.0__typescript@5.8.3": {
      "integrity": "sha512-b94SV2ki1yZWm/MGzWIaWxuPJUMAYjlQllwoD9b8/GCVXKax1HS9xPfLq/p47UmAnUY3X8qDF0JdMEIr0EKmOA==",
      "dependencies": [
        "@0no-co/graphql.web",
        "@0no-co/graphqlsp",
        "@gql.tada/cli-utils",
        "@gql.tada/internal",
        "typescript"
      ],
      "bin": true
    },
    "graphql@16.11.0": {
      "integrity": "sha512-mS1lbMsxgQj6hge1XZ6p7GPhbrtFwUFYi3wRzXAC/FmYnyXMTvvI3td3rjmQ2u8ewXueaSvRPWaEcgVVOT9Jnw=="
    },
    "poseidon-lite@0.2.1": {
      "integrity": "sha512-xIr+G6HeYfOhCuswdqcFpSX47SPhm0EpisWJ6h7fHlWwaVIvH3dLnejpatrtw6Xc6HaLrpq05y7VRfvDmDGIog=="
    },
    "typescript@5.8.3": {
      "integrity": "sha512-p1diW6TqL9L07nNxvRMM7hMMw4c5XOo/1ibL4aAIGmSAt9slTE1Xgw5KWuof2uTOvCg9BY7ZRi+GaF+7sfgPeQ==",
      "bin": true
    },
    "valibot@0.36.0": {
      "integrity": "sha512-CjF1XN4sUce8sBK9TixrDqFM7RwNkuXdJu174/AwmQUB62QbCQADg5lLe8ldBalFgtj1uKj+pKwDJiNo4Mn+eQ=="
    }
  },
  "workspace": {
    "dependencies": [
      "jsr:@std/assert@1"
    ]
  }
}
